
Microsoft Visual Studio Solution File, Format Version 12.00
Project("{FAE04EC0-301F-11D3-BF4B-00C04F79EFBC}") = "RestaurantReservation", "RestaurantReservation\RestaurantReservation.csproj", "{596EF485-5BF6-42B2-B9A5-69095D16E73D}"
EndProject
Project("{FAE04EC0-301F-11D3-BF4B-00C04F79EFBC}") = "RestaurantReservation.API", "RestaurantReservation.API\RestaurantReservation.API.csproj", "{C5BD41BE-05E7-43C3-A0C9-91C8F7F73749}"
EndProject
Project("{FAE04EC0-301F-11D3-BF4B-00C04F79EFBC}") = "RestaurantReservation.Db", "RestaurantReservation.Db\RestaurantReservation.Db.csproj", "{09086012-7D13-4519-B888-520ECBC30C5E}"
EndProject
Global
	GlobalSection(SolutionConfigurationPlatforms) = preSolution
		Debug|Any CPU = Debug|Any CPU
		Debug|x64 = Debug|x64
		Debug|x86 = Debug|x86
		Release|Any CPU = Release|Any CPU
		Release|x64 = Release|x64
		Release|x86 = Release|x86
	EndGlobalSection
	GlobalSection(ProjectConfigurationPlatforms) = postSolution
		{596EF485-5BF6-42B2-B9A5-69095D16E73D}.Debug|Any CPU.ActiveCfg = Debug|Any CPU
		{596EF485-5BF6-42B2-B9A5-69095D16E73D}.Debug|Any CPU.Build.0 = Debug|Any CPU
		{596EF485-5BF6-42B2-B9A5-69095D16E73D}.Debug|x64.ActiveCfg = Debug|Any CPU
		{596EF485-5BF6-42B2-B9A5-69095D16E73D}.Debug|x64.Build.0 = Debug|Any CPU
		{596EF485-5BF6-42B2-B9A5-69095D16E73D}.Debug|x86.ActiveCfg = Debug|Any CPU
		{596EF485-5BF6-42B2-B9A5-69095D16E73D}.Debug|x86.Build.0 = Debug|Any CPU
		{596EF485-5BF6-42B2-B9A5-69095D16E73D}.Release|Any CPU.ActiveCfg = Release|Any CPU
		{596EF485-5BF6-42B2-B9A5-69095D16E73D}.Release|Any CPU.Build.0 = Release|Any CPU
		{596EF485-5BF6-42B2-B9A5-69095D16E73D}.Release|x64.ActiveCfg = Release|Any CPU
		{596EF485-5BF6-42B2-B9A5-69095D16E73D}.Release|x64.Build.0 = Release|Any CPU
		{596EF485-5BF6-42B2-B9A5-69095D16E73D}.Release|x86.ActiveCfg = Release|Any CPU
		{596EF485-5BF6-42B2-B9A5-69095D16E73D}.Release|x86.Build.0 = Release|Any CPU
		{C5BD41BE-05E7-43C3-A0C9-91C8F7F73749}.Debug|Any CPU.ActiveCfg = Debug|Any CPU
		{C5BD41BE-05E7-43C3-A0C9-91C8F7F73749}.Debug|Any CPU.Build.0 = Debug|Any CPU
		{C5BD41BE-05E7-43C3-A0C9-91C8F7F73749}.Debug|x64.ActiveCfg = Debug|Any CPU
		{C5BD41BE-05E7-43C3-A0C9-91C8F7F73749}.Debug|x64.Build.0 = Debug|Any CPU
		{C5BD41BE-05E7-43C3-A0C9-91C8F7F73749}.Debug|x86.ActiveCfg = Debug|Any CPU
		{C5BD41BE-05E7-43C3-A0C9-91C8F7F73749}.Debug|x86.Build.0 = Debug|Any CPU
		{C5BD41BE-05E7-43C3-A0C9-91C8F7F73749}.Release|Any CPU.ActiveCfg = Release|Any CPU
		{C5BD41BE-05E7-43C3-A0C9-91C8F7F73749}.Release|Any CPU.Build.0 = Release|Any CPU
		{C5BD41BE-05E7-43C3-A0C9-91C8F7F73749}.Release|x64.ActiveCfg = Release|Any CPU
		{C5BD41BE-05E7-43C3-A0C9-91C8F7F73749}.Release|x64.Build.0 = Release|Any CPU
		{C5BD41BE-05E7-43C3-A0C9-91C8F7F73749}.Release|x86.ActiveCfg = Release|Any CPU
		{C5BD41BE-05E7-43C3-A0C9-91C8F7F73749}.Release|x86.Build.0 = Release|Any CPU
		{09086012-7D13-4519-B888-520ECBC30C5E}.Debug|Any CPU.ActiveCfg = Debug|Any CPU
		{09086012-7D13-4519-B888-520ECBC30C5E}.Debug|Any CPU.Build.0 = Debug|Any CPU
		{09086012-7D13-4519-B888-520ECBC30C5E}.Debug|x64.ActiveCfg = Debug|Any CPU
		{09086012-7D13-4519-B888-520ECBC30C5E}.Debug|x64.Build.0 = Debug|Any CPU
		{09086012-7D13-4519-B888-520ECBC30C5E}.Debug|x86.ActiveCfg = Debug|Any CPU
		{09086012-7D13-4519-B888-520ECBC30C5E}.Debug|x86.Build.0 = Debug|Any CPU
		{09086012-7D13-4519-B888-520ECBC30C5E}.Release|Any CPU.ActiveCfg = Release|Any CPU
		{09086012-7D13-4519-B888-520ECBC30C5E}.Release|Any CPU.Build.0 = Release|Any CPU
		{09086012-7D13-4519-B888-520ECBC30C5E}.Release|x64.ActiveCfg = Release|Any CPU
		{09086012-7D13-4519-B888-520ECBC30C5E}.Release|x64.Build.0 = Release|Any CPU
		{09086012-7D13-4519-B888-520ECBC30C5E}.Release|x86.ActiveCfg = Release|Any CPU
		{09086012-7D13-4519-B888-520ECBC30C5E}.Release|x86.Build.0 = Release|Any CPU
	EndGlobalSection
	GlobalSection(SolutionProperties) = preSolution
		HideSolutionNode = FALSE
	EndGlobalSection
EndGlobal
